// !$*UTF8*$!
{
	archiveVersion = 1;
	classes = {
	};
	objectVersion = 46;
	objects = {

/* Begin PBXBuildFile section */
		4EC289D4C52B431EB0922724 /* Pods_ParkFinder.framework in Frameworks */ = {isa = PBXBuildFile; fileRef = E468969EB0D63E20F556E0B7 /* Pods_ParkFinder.framework */; };
		B75742DA1E91F2B700D9F2AF /* AppDelegate.swift in Sources */ = {isa = PBXBuildFile; fileRef = B75742D91E91F2B700D9F2AF /* AppDelegate.swift */; };
		B75742DC1E91F2B700D9F2AF /* ViewController.swift in Sources */ = {isa = PBXBuildFile; fileRef = B75742DB1E91F2B700D9F2AF /* ViewController.swift */; };
		B75742DF1E91F2B700D9F2AF /* Main.storyboard in Resources */ = {isa = PBXBuildFile; fileRef = B75742DD1E91F2B700D9F2AF /* Main.storyboard */; };
		B75742E11E91F2B700D9F2AF /* Assets.xcassets in Resources */ = {isa = PBXBuildFile; fileRef = B75742E01E91F2B700D9F2AF /* Assets.xcassets */; };
		B75742E41E91F2B700D9F2AF /* LaunchScreen.storyboard in Resources */ = {isa = PBXBuildFile; fileRef = B75742E21E91F2B700D9F2AF /* LaunchScreen.storyboard */; };
		B75742ED1E91F2C300D9F2AF /* MapKit.framework in Frameworks */ = {isa = PBXBuildFile; fileRef = B75742EC1E91F2C300D9F2AF /* MapKit.framework */; };
		B75742F01E9201CF00D9F2AF /* parks.js in Resources */ = {isa = PBXBuildFile; fileRef = B75742EF1E9201CF00D9F2AF /* parks.js */; };
		B75742F31E92036900D9F2AF /* StatePark.swift in Sources */ = {isa = PBXBuildFile; fileRef = B75742F21E92036900D9F2AF /* StatePark.swift */; };
/* End PBXBuildFile section */

/* Begin PBXFileReference section */
		26393E5C7BF26F179969AD90 /* Pods-ParkFinder.release.xcconfig */ = {isa = PBXFileReference; includeInIndex = 1; lastKnownFileType = text.xcconfig; name = "Pods-ParkFinder.release.xcconfig"; path = "Pods/Target Support Files/Pods-ParkFinder/Pods-ParkFinder.release.xcconfig"; sourceTree = "<group>"; };
		79675689E7CBB49A09D06516 /* Pods-ParkFinder.debug.xcconfig */ = {isa = PBXFileReference; includeInIndex = 1; lastKnownFileType = text.xcconfig; name = "Pods-ParkFinder.debug.xcconfig"; path = "Pods/Target Support Files/Pods-ParkFinder/Pods-ParkFinder.debug.xcconfig"; sourceTree = "<group>"; };
		B75742D61E91F2B700D9F2AF /* ParkFinder.app */ = {isa = PBXFileReference; explicitFileType = wrapper.application; includeInIndex = 0; path = ParkFinder.app; sourceTree = BUILT_PRODUCTS_DIR; };
		B75742D91E91F2B700D9F2AF /* AppDelegate.swift */ = {isa = PBXFileReference; lastKnownFileType = sourcecode.swift; path = AppDelegate.swift; sourceTree = "<group>"; };
		B75742DB1E91F2B700D9F2AF /* ViewController.swift */ = {isa = PBXFileReference; lastKnownFileType = sourcecode.swift; path = ViewController.swift; sourceTree = "<group>"; };
		B75742DE1E91F2B700D9F2AF /* Base */ = {isa = PBXFileReference; lastKnownFileType = file.storyboard; name = Base; path = Base.lproj/Main.storyboard; sourceTree = "<group>"; };
		B75742E01E91F2B700D9F2AF /* Assets.xcassets */ = {isa = PBXFileReference; lastKnownFileType = folder.assetcatalog; path = Assets.xcassets; sourceTree = "<group>"; };
		B75742E31E91F2B700D9F2AF /* Base */ = {isa = PBXFileReference; lastKnownFileType = file.storyboard; name = Base; path = Base.lproj/LaunchScreen.storyboard; sourceTree = "<group>"; };
		B75742E51E91F2B700D9F2AF /* Info.plist */ = {isa = PBXFileReference; lastKnownFileType = text.plist.xml; path = Info.plist; sourceTree = "<group>"; };
		B75742EC1E91F2C300D9F2AF /* MapKit.framework */ = {isa = PBXFileReference; lastKnownFileType = wrapper.framework; name = MapKit.framework; path = System/Library/Frameworks/MapKit.framework; sourceTree = SDKROOT; };
		B75742EF1E9201CF00D9F2AF /* parks.js */ = {isa = PBXFileReference; fileEncoding = 4; lastKnownFileType = sourcecode.javascript; name = parks.js; path = ../../../../Downloads/parks.js; sourceTree = "<group>"; };
		B75742F21E92036900D9F2AF /* StatePark.swift */ = {isa = PBXFileReference; fileEncoding = 4; lastKnownFileType = sourcecode.swift; path = StatePark.swift; sourceTree = "<group>"; };
		E468969EB0D63E20F556E0B7 /* Pods_ParkFinder.framework */ = {isa = PBXFileReference; explicitFileType = wrapper.framework; includeInIndex = 0; path = Pods_ParkFinder.framework; sourceTree = BUILT_PRODUCTS_DIR; };
/* End PBXFileReference section */

/* Begin PBXFrameworksBuildPhase section */
		B75742D31E91F2B600D9F2AF /* Frameworks */ = {
			isa = PBXFrameworksBuildPhase;
			buildActionMask = 2147483647;
			files = (
				B75742ED1E91F2C300D9F2AF /* MapKit.framework in Frameworks */,
				4EC289D4C52B431EB0922724 /* Pods_ParkFinder.framework in Frameworks */,
			);
			runOnlyForDeploymentPostprocessing = 0;
		};
/* End PBXFrameworksBuildPhase section */

/* Begin PBXGroup section */
		B75742CD1E91F2B600D9F2AF = {
			isa = PBXGroup;
			children = (
				B75742D81E91F2B700D9F2AF /* ParkFinder */,
				B75742D71E91F2B700D9F2AF /* Products */,
				B75742EB1E91F2C300D9F2AF /* Frameworks */,
				DB437B24723685BCB4F27C68 /* Pods */,
			);
			sourceTree = "<group>";
		};
		B75742D71E91F2B700D9F2AF /* Products */ = {
			isa = PBXGroup;
			children = (
				B75742D61E91F2B700D9F2AF /* ParkFinder.app */,
			);
			name = Products;
			sourceTree = "<group>";
		};
		B75742D81E91F2B700D9F2AF /* ParkFinder */ = {
			isa = PBXGroup;
			children = (
				B75742D91E91F2B700D9F2AF /* AppDelegate.swift */,
				B75742F41E92041700D9F2AF /* ViewControllers */,
				B75742F11E92034C00D9F2AF /* Models */,
				B75742EE1E9201AA00D9F2AF /* Data */,
				B75742DD1E91F2B700D9F2AF /* Main.storyboard */,
				B75742E01E91F2B700D9F2AF /* Assets.xcassets */,
				B75742E21E91F2B700D9F2AF /* LaunchScreen.storyboard */,
				B75742E51E91F2B700D9F2AF /* Info.plist */,
			);
			path = ParkFinder;
			sourceTree = "<group>";
		};
		B75742EB1E91F2C300D9F2AF /* Frameworks */ = {
			isa = PBXGroup;
			children = (
				B75742EC1E91F2C300D9F2AF /* MapKit.framework */,
				E468969EB0D63E20F556E0B7 /* Pods_ParkFinder.framework */,
			);
			name = Frameworks;
			sourceTree = "<group>";
		};
		B75742EE1E9201AA00D9F2AF /* Data */ = {
			isa = PBXGroup;
			children = (
				B75742EF1E9201CF00D9F2AF /* parks.js */,
			);
			name = Data;
			sourceTree = "<group>";
		};
		B75742F11E92034C00D9F2AF /* Models */ = {
			isa = PBXGroup;
			children = (
				B75742F21E92036900D9F2AF /* StatePark.swift */,
			);
			name = Models;
			sourceTree = "<group>";
		};
		B75742F41E92041700D9F2AF /* ViewControllers */ = {
			isa = PBXGroup;
			children = (
				B75742DB1E91F2B700D9F2AF /* ViewController.swift */,
			);
			name = ViewControllers;
			sourceTree = "<group>";
		};
		DB437B24723685BCB4F27C68 /* Pods */ = {
			isa = PBXGroup;
			children = (
				79675689E7CBB49A09D06516 /* Pods-ParkFinder.debug.xcconfig */,
				26393E5C7BF26F179969AD90 /* Pods-ParkFinder.release.xcconfig */,
			);
			name = Pods;
			sourceTree = "<group>";
		};
/* End PBXGroup section */

/* Begin PBXNativeTarget section */
		B75742D51E91F2B600D9F2AF /* ParkFinder */ = {
			isa = PBXNativeTarget;
			buildConfigurationList = B75742E81E91F2B700D9F2AF /* Build configuration list for PBXNativeTarget "ParkFinder" */;
			buildPhases = (
				6118D287B386BA3ECA34BF58 /* [CP] Check Pods Manifest.lock */,
				B75742D21E91F2B600D9F2AF /* Sources */,
				B75742D31E91F2B600D9F2AF /* Frameworks */,
				B75742D41E91F2B600D9F2AF /* Resources */,
				AA5C00548FCFFA973267F8D5 /* [CP] Embed Pods Frameworks */,
				4EAD0939588940F82DEE82C9 /* [CP] Copy Pods Resources */,
			);
			buildRules = (
			);
			dependencies = (
			);
			name = ParkFinder;
			productName = ParkFinder;
			productReference = B75742D61E91F2B700D9F2AF /* ParkFinder.app */;
			productType = "com.apple.product-type.application";
		};
/* End PBXNativeTarget section */

/* Begin PBXProject section */
		B75742CE1E91F2B600D9F2AF /* Project object */ = {
			isa = PBXProject;
			attributes = {
				LastSwiftUpdateCheck = 0820;
				LastUpgradeCheck = 0820;
				ORGANIZATIONNAME = "Benjamin Wilcox";
				TargetAttributes = {
					B75742D51E91F2B600D9F2AF = {
						CreatedOnToolsVersion = 8.2.1;
						DevelopmentTeam = MCPPMCE5C6;
						ProvisioningStyle = Automatic;
						SystemCapabilities = {
							com.apple.Maps.iOS = {
								enabled = 1;
							};
						};
					};
				};
			};
			buildConfigurationList = B75742D11E91F2B600D9F2AF /* Build configuration list for PBXProject "ParkFinder" */;
			compatibilityVersion = "Xcode 3.2";
			developmentRegion = English;
			hasScannedForEncodings = 0;
			knownRegions = (
				en,
				Base,
			);
			mainGroup = B75742CD1E91F2B600D9F2AF;
			productRefGroup = B75742D71E91F2B700D9F2AF /* Products */;
			projectDirPath = "";
			projectRoot = "";
			targets = (
				B75742D51E91F2B600D9F2AF /* ParkFinder */,
			);
		};
/* End PBXProject section */

/* Begin PBXResourcesBuildPhase section */
		B75742D41E91F2B600D9F2AF /* Resources */ = {
			isa = PBXResourcesBuildPhase;
			buildActionMask = 2147483647;
			files = (
				B75742F01E9201CF00D9F2AF /* parks.js in Resources */,
				B75742E41E91F2B700D9F2AF /* LaunchScreen.storyboard in Resources */,
				B75742E11E91F2B700D9F2AF /* Assets.xcassets in Resources */,
				B75742DF1E91F2B700D9F2AF /* Main.storyboard in Resources */,
			);
			runOnlyForDeploymentPostprocessing = 0;
		};
/* End PBXResourcesBuildPhase section */

/* Begin PBXShellScriptBuildPhase section */
		4EAD0939588940F82DEE82C9 /* [CP] Copy Pods Resources */ = {
			isa = PBXShellScriptBuildPhase;
			buildActionMask = 2147483647;
			files = (
			);
			inputPaths = (
			);
			name = "[CP] Copy Pods Resources";
			outputPaths = (
			);
			runOnlyForDeploymentPostprocessing = 0;
			shellPath = /bin/sh;
			shellScript = "\"${SRCROOT}/Pods/Target Support Files/Pods-ParkFinder/Pods-ParkFinder-resources.sh\"\n";
			showEnvVarsInLog = 0;
		};
		6118D287B386BA3ECA34BF58 /* [CP] Check Pods Manifest.lock */ = {
			isa = PBXShellScriptBuildPhase;
			buildActionMask = 2147483647;
			files = (
			);
			inputPaths = (
			);
			name = "[CP] Check Pods Manifest.lock";
			outputPaths = (
			);
			runOnlyForDeploymentPostprocessing = 0;
			shellPath = /bin/sh;
			shellScript = "diff \"${PODS_ROOT}/../Podfile.lock\" \"${PODS_ROOT}/Manifest.lock\" > /dev/null\nif [ $? != 0 ] ; then\n    # print error to STDERR\n    echo \"error: The sandbox is not in sync with the Podfile.lock. Run 'pod install' or update your CocoaPods installation.\" >&2\n    exit 1\nfi\n";
			showEnvVarsInLog = 0;
		};
		AA5C00548FCFFA973267F8D5 /* [CP] Embed Pods Frameworks */ = {
			isa = PBXShellScriptBuildPhase;
			buildActionMask = 2147483647;
			files = (
			);
			inputPaths = (
			);
			name = "[CP] Embed Pods Frameworks";
			outputPaths = (
			);
			runOnlyForDeploymentPostprocessing = 0;
			shellPath = /bin/sh;
			shellScript = "\"${SRCROOT}/Pods/Target Support Files/Pods-ParkFinder/Pods-ParkFinder-frameworks.sh\"\n";
			showEnvVarsInLog = 0;
		};
/* End PBXShellScriptBuildPhase section */

/* Begin PBXSourcesBuildPhase section */
		B75742D21E91F2B600D9F2AF /* Sources */ = {
			isa = PBXSourcesBuildPhase;
			buildActionMask = 2147483647;
			files = (
				B75742DC1E91F2B700D9F2AF /* ViewController.swift in Sources */,
				B75742DA1E91F2B700D9F2AF /* AppDelegate.swift in Sources */,
				B75742F31E92036900D9F2AF /* StatePark.swift in Sources */,
			);
			runOnlyForDeploymentPostprocessing = 0;
		};
/* End PBXSourcesBuildPhase section */

/* Begin PBXVariantGroup section */
		B75742DD1E91F2B700D9F2AF /* Main.storyboard */ = {
			isa = PBXVariantGroup;
			children = (
				B75742DE1E91F2B700D9F2AF /* Base */,
			);
			name = Main.storyboard;
			sourceTree = "<group>";
		};
		B75742E21E91F2B700D9F2AF /* LaunchScreen.storyboard */ = {
			isa = PBXVariantGroup;
			children = (
				B75742E31E91F2B700D9F2AF /* Base */,
			);
			name = LaunchScreen.storyboard;
			sourceTree = "<group>";
		};
/* End PBXVariantGroup section */

/* Begin XCBuildConfiguration section */
		B75742E61E91F2B700D9F2AF /* Debug */ = {
			isa = XCBuildConfiguration;
			buildSettings = {
				ALWAYS_SEARCH_USER_PATHS = NO;
				CLANG_ANALYZER_NONNULL = YES;
				CLANG_CXX_LANGUAGE_STANDARD = "gnu++0x";
				CLANG_CXX_LIBRARY = "libc++";
				CLANG_ENABLE_MODULES = YES;
				CLANG_ENABLE_OBJC_ARC = YES;
				CLANG_WARN_BOOL_CONVERSION = YES;
				CLANG_WARN_CONSTANT_CONVERSION = YES;
				CLANG_WARN_DIRECT_OBJC_ISA_USAGE = YES_ERROR;
				CLANG_WARN_DOCUMENTATION_COMMENTS = YES;
				CLANG_WARN_EMPTY_BODY = YES;
				CLANG_WARN_ENUM_CONVERSION = YES;
				CLANG_WARN_INFINITE_RECURSION = YES;
				CLANG_WARN_INT_CONVERSION = YES;
				CLANG_WARN_OBJC_ROOT_CLASS = YES_ERROR;
				CLANG_WARN_SUSPICIOUS_MOVE = YES;
				CLANG_WARN_UNREACHABLE_CODE = YES;
				CLANG_WARN__DUPLICATE_METHOD_MATCH = YES;
				"CODE_SIGN_IDENTITY[sdk=iphoneos*]" = "iPhone Developer";
				COPY_PHASE_STRIP = NO;
				DEBUG_INFORMATION_FORMAT = dwarf;
				ENABLE_STRICT_OBJC_MSGSEND = YES;
				ENABLE_TESTABILITY = YES;
				GCC_C_LANGUAGE_STANDARD = gnu99;
				GCC_DYNAMIC_NO_PIC = NO;
				GCC_NO_COMMON_BLOCKS = YES;
				GCC_OPTIMIZATION_LEVEL = 0;
				GCC_PREPROCESSOR_DEFINITIONS = (
					"DEBUG=1",
					"$(inherited)",
				);
				GCC_WARN_64_TO_32_BIT_CONVERSION = YES;
				GCC_WARN_ABOUT_RETURN_TYPE = YES_ERROR;
				GCC_WARN_UNDECLARED_SELECTOR = YES;
				GCC_WARN_UNINITIALIZED_AUTOS = YES_AGGRESSIVE;
				GCC_WARN_UNUSED_FUNCTION = YES;
				GCC_WARN_UNUSED_VARIABLE = YES;
				IPHONEOS_DEPLOYMENT_TARGET = 10.2;
				MTL_ENABLE_DEBUG_INFO = YES;
				ONLY_ACTIVE_ARCH = YES;
				SDKROOT = iphoneos;
				SWIFT_ACTIVE_COMPILATION_CONDITIONS = DEBUG;
				SWIFT_OPTIMIZATION_LEVEL = "-Onone";
				TARGETED_DEVICE_FAMILY = "1,2";
			};
			name = Debug;
		};
		B75742E71E91F2B700D9F2AF /* Release */ = {
			isa = XCBuildConfiguration;
			buildSettings = {
				ALWAYS_SEARCH_USER_PATHS = NO;
				CLANG_ANALYZER_NONNULL = YES;
				CLANG_CXX_LANGUAGE_STANDARD = "gnu++0x";
				CLANG_CXX_LIBRARY = "libc++";
				CLANG_ENABLE_MODULES = YES;
				CLANG_ENABLE_OBJC_ARC = YES;
				CLANG_WARN_BOOL_CONVERSION = YES;
				CLANG_WARN_CONSTANT_CONVERSION = YES;
				CLANG_WARN_DIRECT_OBJC_ISA_USAGE = YES_ERROR;
				CLANG_WARN_DOCUMENTATION_COMMENTS = YES;
				CLANG_WARN_EMPTY_BODY = YES;
				CLANG_WARN_ENUM_CONVERSION = YES;
				CLANG_WARN_INFINITE_RECURSION = YES;
				CLANG_WARN_INT_CONVERSION = YES;
				CLANG_WARN_OBJC_ROOT_CLASS = YES_ERROR;
				CLANG_WARN_SUSPICIOUS_MOVE = YES;
				CLANG_WARN_UNREACHABLE_CODE = YES;
				CLANG_WARN__DUPLICATE_METHOD_MATCH = YES;
				"CODE_SIGN_IDENTITY[sdk=iphoneos*]" = "iPhone Developer";
				COPY_PHASE_STRIP = NO;
				DEBUG_INFORMATION_FORMAT = "dwarf-with-dsym";
				ENABLE_NS_ASSERTIONS = NO;
				ENABLE_STRICT_OBJC_MSGSEND = YES;
				GCC_C_LANGUAGE_STANDARD = gnu99;
				GCC_NO_COMMON_BLOCKS = YES;
				GCC_WARN_64_TO_32_BIT_CONVERSION = YES;
				GCC_WARN_ABOUT_RETURN_TYPE = YES_ERROR;
				GCC_WARN_UNDECLARED_SELECTOR = YES;
				GCC_WARN_UNINITIALIZED_AUTOS = YES_AGGRESSIVE;
				GCC_WARN_UNUSED_FUNCTION = YES;
				GCC_WARN_UNUSED_VARIABLE = YES;
				IPHONEOS_DEPLOYMENT_TARGET = 10.2;
				MTL_ENABLE_DEBUG_INFO = NO;
				SDKROOT = iphoneos;
				SWIFT_OPTIMIZATION_LEVEL = "-Owholemodule";
				TARGETED_DEVICE_FAMILY = "1,2";
				VALIDATE_PRODUCT = YES;
			};
			name = Release;
		};
		B75742E91E91F2B700D9F2AF /* Debug */ = {
			isa = XCBuildConfiguration;
			baseConfigurationReference = 79675689E7CBB49A09D06516 /* Pods-ParkFinder.debug.xcconfig */;
			buildSettings = {
				ASSETCATALOG_COMPILER_APPICON_NAME = AppIcon;
				DEVELOPMENT_TEAM = MCPPMCE5C6;
				INFOPLIST_FILE = ParkFinder/Info.plist;
				LD_RUNPATH_SEARCH_PATHS = "$(inherited) @executable_path/Frameworks";
				PRODUCT_BUNDLE_IDENTIFIER = com.reccanti.ParkFinder;
				PRODUCT_NAME = "$(TARGET_NAME)";
				SWIFT_VERSION = 3.0;
			};
			name = Debug;
		};
		B75742EA1E91F2B700D9F2AF /* Release */ = {
			isa = XCBuildConfiguration;
			baseConfigurationReference = 26393E5C7BF26F179969AD90 /* Pods-ParkFinder.release.xcconfig */;
			buildSettings = {
				ASSETCATALOG_COMPILER_APPICON_NAME = AppIcon;
				DEVELOPMENT_TEAM = MCPPMCE5C6;
				INFOPLIST_FILE = ParkFinder/Info.plist;
				LD_RUNPATH_SEARCH_PATHS = "$(inherited) @executable_path/Frameworks";
				PRODUCT_BUNDLE_IDENTIFIER = com.reccanti.ParkFinder;
				PRODUCT_NAME = "$(TARGET_NAME)";
				SWIFT_VERSION = 3.0;
			};
			name = Release;
		};
/* End XCBuildConfiguration section */

/* Begin XCConfigurationList section */
		B75742D11E91F2B600D9F2AF /* Build configuration list for PBXProject "ParkFinder" */ = {
			isa = XCConfigurationList;
			buildConfigurations = (
				B75742E61E91F2B700D9F2AF /* Debug */,
				B75742E71E91F2B700D9F2AF /* Release */,
			);
			defaultConfigurationIsVisible = 0;
			defaultConfigurationName = Release;
		};
		B75742E81E91F2B700D9F2AF /* Build configuration list for PBXNativeTarget "ParkFinder" */ = {
			isa = XCConfigurationList;
			buildConfigurations = (
				B75742E91E91F2B700D9F2AF /* Debug */,
				B75742EA1E91F2B700D9F2AF /* Release */,
			);
			defaultConfigurationIsVisible = 0;
			defaultConfigurationName = Release;
		};
/* End XCConfigurationList section */
	};
	rootObject = B75742CE1E91F2B600D9F2AF /* Project object */;
}
